
Microsoft Visual Studio Solution File, Format Version 12.00
Project("{FAE04EC0-301F-11D3-BF4B-00C04F79EFBC}") = "LeadYourWay.API", "LeadYourWay.API\LeadYourWay.API.csproj", "{FD6FE839-945F-4B44-8D64-16EDA5EB0900}"
EndProject
Project("{FAE04EC0-301F-11D3-BF4B-00C04F79EFBC}") = "LeadYourWay.Domain", "LeadYourWay.Domain\LeadYourWay.Domain.csproj", "{F1589059-91AB-4BE0-825A-CD389D80464F}"
EndProject
Project("{FAE04EC0-301F-11D3-BF4B-00C04F79EFBC}") = "LeadYourWay.Infrastructure", "LeadYourWay.Infrastructure\LeadYourWay.Infrastructure.csproj", "{6C7911A2-F049-4200-B7A1-A20D426316CD}"
EndProject
Project("{FAE04EC0-301F-11D3-BF4B-00C04F79EFBC}") = "LeadYourWay.Domain.Test", "LeadYourWay.Domain.Test\LeadYourWay.Domain.Test.csproj", "{BA6233CC-A12C-4CDA-997C-A5F066207B7C}"
EndProject
Project("{FAE04EC0-301F-11D3-BF4B-00C04F79EFBC}") = "LeadYourWay.Shared", "LeadYourWay.Shared\LeadYourWay.Shared.csproj", "{E3FB6A32-7A27-4A6F-9096-B2CCFCBBC769}"
EndProject
Global
	GlobalSection(SolutionConfigurationPlatforms) = preSolution
		Debug|Any CPU = Debug|Any CPU
		Release|Any CPU = Release|Any CPU
	EndGlobalSection
	GlobalSection(ProjectConfigurationPlatforms) = postSolution
		{FD6FE839-945F-4B44-8D64-16EDA5EB0900}.Debug|Any CPU.ActiveCfg = Debug|Any CPU
		{FD6FE839-945F-4B44-8D64-16EDA5EB0900}.Debug|Any CPU.Build.0 = Debug|Any CPU
		{FD6FE839-945F-4B44-8D64-16EDA5EB0900}.Release|Any CPU.ActiveCfg = Release|Any CPU
		{FD6FE839-945F-4B44-8D64-16EDA5EB0900}.Release|Any CPU.Build.0 = Release|Any CPU
		{F1589059-91AB-4BE0-825A-CD389D80464F}.Debug|Any CPU.ActiveCfg = Debug|Any CPU
		{F1589059-91AB-4BE0-825A-CD389D80464F}.Debug|Any CPU.Build.0 = Debug|Any CPU
		{F1589059-91AB-4BE0-825A-CD389D80464F}.Release|Any CPU.ActiveCfg = Release|Any CPU
		{F1589059-91AB-4BE0-825A-CD389D80464F}.Release|Any CPU.Build.0 = Release|Any CPU
		{6C7911A2-F049-4200-B7A1-A20D426316CD}.Debug|Any CPU.ActiveCfg = Debug|Any CPU
		{6C7911A2-F049-4200-B7A1-A20D426316CD}.Debug|Any CPU.Build.0 = Debug|Any CPU
		{6C7911A2-F049-4200-B7A1-A20D426316CD}.Release|Any CPU.ActiveCfg = Release|Any CPU
		{6C7911A2-F049-4200-B7A1-A20D426316CD}.Release|Any CPU.Build.0 = Release|Any CPU
		{BA6233CC-A12C-4CDA-997C-A5F066207B7C}.Debug|Any CPU.ActiveCfg = Debug|Any CPU
		{BA6233CC-A12C-4CDA-997C-A5F066207B7C}.Debug|Any CPU.Build.0 = Debug|Any CPU
		{BA6233CC-A12C-4CDA-997C-A5F066207B7C}.Release|Any CPU.ActiveCfg = Release|Any CPU
		{BA6233CC-A12C-4CDA-997C-A5F066207B7C}.Release|Any CPU.Build.0 = Release|Any CPU
		{E3FB6A32-7A27-4A6F-9096-B2CCFCBBC769}.Debug|Any CPU.ActiveCfg = Debug|Any CPU
		{E3FB6A32-7A27-4A6F-9096-B2CCFCBBC769}.Debug|Any CPU.Build.0 = Debug|Any CPU
		{E3FB6A32-7A27-4A6F-9096-B2CCFCBBC769}.Release|Any CPU.ActiveCfg = Release|Any CPU
		{E3FB6A32-7A27-4A6F-9096-B2CCFCBBC769}.Release|Any CPU.Build.0 = Release|Any CPU
	EndGlobalSection
EndGlobal
